// !$*UTF8*$!
{
	archiveVersion = 1;
	classes = {
	};
	objectVersion = 56;
	objects = {

/* Begin PBXBuildFile section */
		6632755A2B7131AC00805AAD /* ImagePickerController.swift in Sources */ = {isa = PBXBuildFile; fileRef = 663275592B7131AC00805AAD /* ImagePickerController.swift */; };
		6632755C2B7C6E3F00805AAD /* FruitIdentificationManager.swift in Sources */ = {isa = PBXBuildFile; fileRef = 6632755B2B7C6E3F00805AAD /* FruitIdentificationManager.swift */; };
		663401222B6750470061653C /* AlripeApp.swift in Sources */ = {isa = PBXBuildFile; fileRef = 663401212B6750470061653C /* AlripeApp.swift */; };
		663401242B6750470061653C /* ContentView.swift in Sources */ = {isa = PBXBuildFile; fileRef = 663401232B6750470061653C /* ContentView.swift */; };
		663401262B6750490061653C /* Assets.xcassets in Resources */ = {isa = PBXBuildFile; fileRef = 663401252B6750490061653C /* Assets.xcassets */; };
		663401292B6750490061653C /* Preview Assets.xcassets in Resources */ = {isa = PBXBuildFile; fileRef = 663401282B6750490061653C /* Preview Assets.xcassets */; };
		663401362B6753410061653C /* FruitIdentifierView.swift in Sources */ = {isa = PBXBuildFile; fileRef = 663401352B6753410061653C /* FruitIdentifierView.swift */; };
		665693252B82E378003DEA34 /* IntroductionView.swift in Sources */ = {isa = PBXBuildFile; fileRef = 665693242B82E378003DEA34 /* IntroductionView.swift */; };
		665693272B8446F5003DEA34 /* FruitIdentifier.mlmodel in Sources */ = {isa = PBXBuildFile; fileRef = 665693262B8446F5003DEA34 /* FruitIdentifier.mlmodel */; };
/* End PBXBuildFile section */

/* Begin PBXFileReference section */
		663275592B7131AC00805AAD /* ImagePickerController.swift */ = {isa = PBXFileReference; lastKnownFileType = sourcecode.swift; path = ImagePickerController.swift; sourceTree = "<group>"; };
		6632755B2B7C6E3F00805AAD /* FruitIdentificationManager.swift */ = {isa = PBXFileReference; lastKnownFileType = sourcecode.swift; path = FruitIdentificationManager.swift; sourceTree = "<group>"; };
		6634011E2B6750470061653C /* Alripe.app */ = {isa = PBXFileReference; explicitFileType = wrapper.application; includeInIndex = 0; path = Alripe.app; sourceTree = BUILT_PRODUCTS_DIR; };
		663401212B6750470061653C /* AlripeApp.swift */ = {isa = PBXFileReference; lastKnownFileType = sourcecode.swift; path = AlripeApp.swift; sourceTree = "<group>"; };
		663401232B6750470061653C /* ContentView.swift */ = {isa = PBXFileReference; lastKnownFileType = sourcecode.swift; path = ContentView.swift; sourceTree = "<group>"; };
		663401252B6750490061653C /* Assets.xcassets */ = {isa = PBXFileReference; lastKnownFileType = folder.assetcatalog; path = Assets.xcassets; sourceTree = "<group>"; };
		663401282B6750490061653C /* Preview Assets.xcassets */ = {isa = PBXFileReference; lastKnownFileType = folder.assetcatalog; path = "Preview Assets.xcassets"; sourceTree = "<group>"; };
		663401352B6753410061653C /* FruitIdentifierView.swift */ = {isa = PBXFileReference; lastKnownFileType = sourcecode.swift; path = FruitIdentifierView.swift; sourceTree = "<group>"; };
		665693242B82E378003DEA34 /* IntroductionView.swift */ = {isa = PBXFileReference; lastKnownFileType = sourcecode.swift; path = IntroductionView.swift; sourceTree = "<group>"; };
		665693262B8446F5003DEA34 /* FruitIdentifier.mlmodel */ = {isa = PBXFileReference; lastKnownFileType = file.mlmodel; name = FruitIdentifier.mlmodel; path = "../../../../../../../var/folders/0n/12klfc013h507_l9f3s5kmgr0000gn/T/com.apple.dt.CreateML.app/sharing/drag/B7F20351-7459-40CA-A4FF-F53110BDD0EC/FruitIdentifier.mlmodel"; sourceTree = "<group>"; };
/* End PBXFileReference section */

/* Begin PBXFrameworksBuildPhase section */
		6634011B2B6750470061653C /* Frameworks */ = {
			isa = PBXFrameworksBuildPhase;
			buildActionMask = 2147483647;
			files = (
			);
			runOnlyForDeploymentPostprocessing = 0;
		};
/* End PBXFrameworksBuildPhase section */

/* Begin PBXGroup section */
		663401152B6750470061653C = {
			isa = PBXGroup;
			children = (
				663401202B6750470061653C /* Alripe */,
				6634011F2B6750470061653C /* Products */,
			);
			sourceTree = "<group>";
		};
		6634011F2B6750470061653C /* Products */ = {
			isa = PBXGroup;
			children = (
				6634011E2B6750470061653C /* Alripe.app */,
			);
			name = Products;
			sourceTree = "<group>";
		};
		663401202B6750470061653C /* Alripe */ = {
			isa = PBXGroup;
			children = (
				665693242B82E378003DEA34 /* IntroductionView.swift */,
				6632755B2B7C6E3F00805AAD /* FruitIdentificationManager.swift */,
				663275592B7131AC00805AAD /* ImagePickerController.swift */,
				663401212B6750470061653C /* AlripeApp.swift */,
				663401232B6750470061653C /* ContentView.swift */,
				663401352B6753410061653C /* FruitIdentifierView.swift */,
				665693262B8446F5003DEA34 /* FruitIdentifier.mlmodel */,
				663401252B6750490061653C /* Assets.xcassets */,
				663401272B6750490061653C /* Preview Content */,
			);
			path = Alripe;
			sourceTree = "<group>";
		};
		663401272B6750490061653C /* Preview Content */ = {
			isa = PBXGroup;
			children = (
				663401282B6750490061653C /* Preview Assets.xcassets */,
			);
			path = "Preview Content";
			sourceTree = "<group>";
		};
/* End PBXGroup section */

/* Begin PBXNativeTarget section */
		6634011D2B6750470061653C /* Alripe */ = {
			isa = PBXNativeTarget;
			buildConfigurationList = 6634012C2B6750490061653C /* Build configuration list for PBXNativeTarget "Alripe" */;
			buildPhases = (
				6634011A2B6750470061653C /* Sources */,
				6634011B2B6750470061653C /* Frameworks */,
				6634011C2B6750470061653C /* Resources */,
			);
			buildRules = (
			);
			dependencies = (
			);
			name = Alripe;
			productName = Alripe;
			productReference = 6634011E2B6750470061653C /* Alripe.app */;
			productType = "com.apple.product-type.application";
		};
/* End PBXNativeTarget section */

/* Begin PBXProject section */
		663401162B6750470061653C /* Project object */ = {
			isa = PBXProject;
			attributes = {
				BuildIndependentTargetsInParallel = 1;
				LastSwiftUpdateCheck = 1500;
				LastUpgradeCheck = 1500;
				TargetAttributes = {
					6634011D2B6750470061653C = {
						CreatedOnToolsVersion = 15.0.1;
					};
				};
			};
			buildConfigurationList = 663401192B6750470061653C /* Build configuration list for PBXProject "Alripe" */;
			compatibilityVersion = "Xcode 14.0";
			developmentRegion = en;
			hasScannedForEncodings = 0;
			knownRegions = (
				en,
				Base,
			);
			mainGroup = 663401152B6750470061653C;
			productRefGroup = 6634011F2B6750470061653C /* Products */;
			projectDirPath = "";
			projectRoot = "";
			targets = (
				6634011D2B6750470061653C /* Alripe */,
			);
		};
/* End PBXProject section */

/* Begin PBXResourcesBuildPhase section */
		6634011C2B6750470061653C /* Resources */ = {
			isa = PBXResourcesBuildPhase;
			buildActionMask = 2147483647;
			files = (
				663401292B6750490061653C /* Preview Assets.xcassets in Resources */,
				663401262B6750490061653C /* Assets.xcassets in Resources */,
			);
			runOnlyForDeploymentPostprocessing = 0;
		};
/* End PBXResourcesBuildPhase section */

/* Begin PBXSourcesBuildPhase section */
		6634011A2B6750470061653C /* Sources */ = {
			isa = PBXSourcesBuildPhase;
			buildActionMask = 2147483647;
			files = (
				663401242B6750470061653C /* ContentView.swift in Sources */,
				665693272B8446F5003DEA34 /* FruitIdentifier.mlmodel in Sources */,
				6632755C2B7C6E3F00805AAD /* FruitIdentificationManager.swift in Sources */,
				663401362B6753410061653C /* FruitIdentifierView.swift in Sources */,
				6632755A2B7131AC00805AAD /* ImagePickerController.swift in Sources */,
				663401222B6750470061653C /* AlripeApp.swift in Sources */,
				665693252B82E378003DEA34 /* IntroductionView.swift in Sources */,
			);
			runOnlyForDeploymentPostprocessing = 0;
		};
/* End PBXSourcesBuildPhase section */

/* Begin XCBuildConfiguration section */
		6634012A2B6750490061653C /* Debug */ = {
			isa = XCBuildConfiguration;
			buildSettings = {
				ALWAYS_SEARCH_USER_PATHS = NO;
				ASSETCATALOG_COMPILER_GENERATE_SWIFT_ASSET_SYMBOL_EXTENSIONS = YES;
				CLANG_ANALYZER_NONNULL = YES;
				CLANG_ANALYZER_NUMBER_OBJECT_CONVERSION = YES_AGGRESSIVE;
				CLANG_CXX_LANGUAGE_STANDARD = "gnu++20";
				CLANG_ENABLE_MODULES = YES;
				CLANG_ENABLE_OBJC_ARC = YES;
				CLANG_ENABLE_OBJC_WEAK = YES;
				CLANG_WARN_BLOCK_CAPTURE_AUTORELEASING = YES;
				CLANG_WARN_BOOL_CONVERSION = YES;
				CLANG_WARN_COMMA = YES;
				CLANG_WARN_CONSTANT_CONVERSION = YES;
				CLANG_WARN_DEPRECATED_OBJC_IMPLEMENTATIONS = YES;
				CLANG_WARN_DIRECT_OBJC_ISA_USAGE = YES_ERROR;
				CLANG_WARN_DOCUMENTATION_COMMENTS = YES;
				CLANG_WARN_EMPTY_BODY = YES;
				CLANG_WARN_ENUM_CONVERSION = YES;
				CLANG_WARN_INFINITE_RECURSION = YES;
				CLANG_WARN_INT_CONVERSION = YES;
				CLANG_WARN_NON_LITERAL_NULL_CONVERSION = YES;
				CLANG_WARN_OBJC_IMPLICIT_RETAIN_SELF = YES;
				CLANG_WARN_OBJC_LITERAL_CONVERSION = YES;
				CLANG_WARN_OBJC_ROOT_CLASS = YES_ERROR;
				CLANG_WARN_QUOTED_INCLUDE_IN_FRAMEWORK_HEADER = YES;
				CLANG_WARN_RANGE_LOOP_ANALYSIS = YES;
				CLANG_WARN_STRICT_PROTOTYPES = YES;
				CLANG_WARN_SUSPICIOUS_MOVE = YES;
				CLANG_WARN_UNGUARDED_AVAILABILITY = YES_AGGRESSIVE;
				CLANG_WARN_UNREACHABLE_CODE = YES;
				CLANG_WARN__DUPLICATE_METHOD_MATCH = YES;
				COPY_PHASE_STRIP = NO;
				DEBUG_INFORMATION_FORMAT = dwarf;
				ENABLE_STRICT_OBJC_MSGSEND = YES;
				ENABLE_TESTABILITY = YES;
				ENABLE_USER_SCRIPT_SANDBOXING = YES;
				GCC_C_LANGUAGE_STANDARD = gnu17;
				GCC_DYNAMIC_NO_PIC = NO;
				GCC_NO_COMMON_BLOCKS = YES;
				GCC_OPTIMIZATION_LEVEL = 0;
				GCC_PREPROCESSOR_DEFINITIONS = (
					"DEBUG=1",
					"$(inherited)",
				);
				GCC_WARN_64_TO_32_BIT_CONVERSION = YES;
				GCC_WARN_ABOUT_RETURN_TYPE = YES_ERROR;
				GCC_WARN_UNDECLARED_SELECTOR = YES;
				GCC_WARN_UNINITIALIZED_AUTOS = YES_AGGRESSIVE;
				GCC_WARN_UNUSED_FUNCTION = YES;
				GCC_WARN_UNUSED_VARIABLE = YES;
				IPHONEOS_DEPLOYMENT_TARGET = 17.0;
				LOCALIZATION_PREFERS_STRING_CATALOGS = YES;
				MTL_ENABLE_DEBUG_INFO = INCLUDE_SOURCE;
				MTL_FAST_MATH = YES;
				ONLY_ACTIVE_ARCH = YES;
				SDKROOT = iphoneos;
				SWIFT_ACTIVE_COMPILATION_CONDITIONS = "DEBUG $(inherited)";
				SWIFT_OPTIMIZATION_LEVEL = "-Onone";
			};
			name = Debug;
		};
		6634012B2B6750490061653C /* Release */ = {
			isa = XCBuildConfiguration;
			buildSettings = {
				ALWAYS_SEARCH_USER_PATHS = NO;
				ASSETCATALOG_COMPILER_GENERATE_SWIFT_ASSET_SYMBOL_EXTENSIONS = YES;
				CLANG_ANALYZER_NONNULL = YES;
				CLANG_ANALYZER_NUMBER_OBJECT_CONVERSION = YES_AGGRESSIVE;
				CLANG_CXX_LANGUAGE_STANDARD = "gnu++20";
				CLANG_ENABLE_MODULES = YES;
				CLANG_ENABLE_OBJC_ARC = YES;
				CLANG_ENABLE_OBJC_WEAK = YES;
				CLANG_WARN_BLOCK_CAPTURE_AUTORELEASING = YES;
				CLANG_WARN_BOOL_CONVERSION = YES;
				CLANG_WARN_COMMA = YES;
				CLANG_WARN_CONSTANT_CONVERSION = YES;
				CLANG_WARN_DEPRECATED_OBJC_IMPLEMENTATIONS = YES;
				CLANG_WARN_DIRECT_OBJC_ISA_USAGE = YES_ERROR;
				CLANG_WARN_DOCUMENTATION_COMMENTS = YES;
				CLANG_WARN_EMPTY_BODY = YES;
				CLANG_WARN_ENUM_CONVERSION = YES;
				CLANG_WARN_INFINITE_RECURSION = YES;
				CLANG_WARN_INT_CONVERSION = YES;
				CLANG_WARN_NON_LITERAL_NULL_CONVERSION = YES;
				CLANG_WARN_OBJC_IMPLICIT_RETAIN_SELF = YES;
				CLANG_WARN_OBJC_LITERAL_CONVERSION = YES;
				CLANG_WARN_OBJC_ROOT_CLASS = YES_ERROR;
				CLANG_WARN_QUOTED_INCLUDE_IN_FRAMEWORK_HEADER = YES;
				CLANG_WARN_RANGE_LOOP_ANALYSIS = YES;
				CLANG_WARN_STRICT_PROTOTYPES = YES;
				CLANG_WARN_SUSPICIOUS_MOVE = YES;
				CLANG_WARN_UNGUARDED_AVAILABILITY = YES_AGGRESSIVE;
				CLANG_WARN_UNREACHABLE_CODE = YES;
				CLANG_WARN__DUPLICATE_METHOD_MATCH = YES;
				COPY_PHASE_STRIP = NO;
				DEBUG_INFORMATION_FORMAT = "dwarf-with-dsym";
				ENABLE_NS_ASSERTIONS = NO;
				ENABLE_STRICT_OBJC_MSGSEND = YES;
				ENABLE_USER_SCRIPT_SANDBOXING = YES;
				GCC_C_LANGUAGE_STANDARD = gnu17;
				GCC_NO_COMMON_BLOCKS = YES;
				GCC_WARN_64_TO_32_BIT_CONVERSION = YES;
				GCC_WARN_ABOUT_RETURN_TYPE = YES_ERROR;
				GCC_WARN_UNDECLARED_SELECTOR = YES;
				GCC_WARN_UNINITIALIZED_AUTOS = YES_AGGRESSIVE;
				GCC_WARN_UNUSED_FUNCTION = YES;
				GCC_WARN_UNUSED_VARIABLE = YES;
				IPHONEOS_DEPLOYMENT_TARGET = 17.0;
				LOCALIZATION_PREFERS_STRING_CATALOGS = YES;
				MTL_ENABLE_DEBUG_INFO = NO;
				MTL_FAST_MATH = YES;
				SDKROOT = iphoneos;
				SWIFT_COMPILATION_MODE = wholemodule;
				VALIDATE_PRODUCT = YES;
			};
			name = Release;
		};
		6634012D2B6750490061653C /* Debug */ = {
			isa = XCBuildConfiguration;
			buildSettings = {
				ASSETCATALOG_COMPILER_APPICON_NAME = AppIcon;
				ASSETCATALOG_COMPILER_GLOBAL_ACCENT_COLOR_NAME = AccentColor;
				CODE_SIGN_STYLE = Automatic;
				CURRENT_PROJECT_VERSION = 1;
				DEVELOPMENT_ASSET_PATHS = "\"Alripe/Preview Content\"";
				DEVELOPMENT_TEAM = ZL64HBDS45;
				ENABLE_PREVIEWS = YES;
				GENERATE_INFOPLIST_FILE = YES;
				INFOPLIST_KEY_NSCameraUsageDescription = "Alripe needs to access the camera in order to scan and detect fruits.";
				INFOPLIST_KEY_NSPhotoLibraryUsageDescription = "Alripe needs to access your photo library in order to identify fruits and save images.";
				INFOPLIST_KEY_UIApplicationSceneManifest_Generation = YES;
				INFOPLIST_KEY_UIApplicationSupportsIndirectInputEvents = YES;
				INFOPLIST_KEY_UILaunchScreen_Generation = YES;
				INFOPLIST_KEY_UISupportedInterfaceOrientations = UIInterfaceOrientationPortrait;
				INFOPLIST_KEY_UISupportedInterfaceOrientations_iPad = "UIInterfaceOrientationLandscapeLeft UIInterfaceOrientationLandscapeRight UIInterfaceOrientationPortrait UIInterfaceOrientationPortraitUpsideDown";
				LD_RUNPATH_SEARCH_PATHS = (
					"$(inherited)",
					"@executable_path/Frameworks",
				);
				MARKETING_VERSION = 1.0;
				PRODUCT_BUNDLE_IDENTIFIER = sg.tk.Alripe;
				PRODUCT_NAME = "$(TARGET_NAME)";
				SWIFT_EMIT_LOC_STRINGS = YES;
				SWIFT_VERSION = 5.0;
				TARGETED_DEVICE_FAMILY = "1,2";
			};
			name = Debug;
		};
		6634012E2B6750490061653C /* Release */ = {
			isa = XCBuildConfiguration;
			buildSettings = {
				ASSETCATALOG_COMPILER_APPICON_NAME = AppIcon;
				ASSETCATALOG_COMPILER_GLOBAL_ACCENT_COLOR_NAME = AccentColor;
				CODE_SIGN_STYLE = Automatic;
				CURRENT_PROJECT_VERSION = 1;
				DEVELOPMENT_ASSET_PATHS = "\"Alripe/Preview Content\"";
				DEVELOPMENT_TEAM = ZL64HBDS45;
				ENABLE_PREVIEWS = YES;
				GENERATE_INFOPLIST_FILE = YES;
				INFOPLIST_KEY_NSCameraUsageDescription = "Alripe needs to access the camera in order to scan and detect fruits.";
				INFOPLIST_KEY_NSPhotoLibraryUsageDescription = "Alripe needs to access your photo library in order to identify fruits and save images.";
				INFOPLIST_KEY_UIApplicationSceneManifest_Generation = YES;
				INFOPLIST_KEY_UIApplicationSupportsIndirectInputEvents = YES;
				INFOPLIST_KEY_UILaunchScreen_Generation = YES;
				INFOPLIST_KEY_UISupportedInterfaceOrientations = UIInterfaceOrientationPortrait;
				INFOPLIST_KEY_UISupportedInterfaceOrientations_iPad = "UIInterfaceOrientationLandscapeLeft UIInterfaceOrientationLandscapeRight UIInterfaceOrientationPortrait UIInterfaceOrientationPortraitUpsideDown";
				LD_RUNPATH_SEARCH_PATHS = (
					"$(inherited)",
					"@executable_path/Frameworks",
				);
				MARKETING_VERSION = 1.0;
				PRODUCT_BUNDLE_IDENTIFIER = sg.tk.Alripe;
				PRODUCT_NAME = "$(TARGET_NAME)";
				SWIFT_EMIT_LOC_STRINGS = YES;
				SWIFT_VERSION = 5.0;
				TARGETED_DEVICE_FAMILY = "1,2";
			};
			name = Release;
		};
/* End XCBuildConfiguration section */

/* Begin XCConfigurationList section */
		663401192B6750470061653C /* Build configuration list for PBXProject "Alripe" */ = {
			isa = XCConfigurationList;
			buildConfigurations = (
				6634012A2B6750490061653C /* Debug */,
				6634012B2B6750490061653C /* Release */,
			);
			defaultConfigurationIsVisible = 0;
			defaultConfigurationName = Release;
		};
		6634012C2B6750490061653C /* Build configuration list for PBXNativeTarget "Alripe" */ = {
			isa = XCConfigurationList;
			buildConfigurations = (
				6634012D2B6750490061653C /* Debug */,
				6634012E2B6750490061653C /* Release */,
			);
			defaultConfigurationIsVisible = 0;
			defaultConfigurationName = Release;
		};
/* End XCConfigurationList section */
	};
	rootObject = 663401162B6750470061653C /* Project object */;
}
